
Microsoft Visual Studio Solution File, Format Version 12.00
# Visual Studio Version 16
VisualStudioVersion = 16.0.31515.178
MinimumVisualStudioVersion = 10.0.40219.1
Project("{9A19103F-16F7-4668-BE54-9A1E7A4F7556}") = "EF_Activity001", "EF_Activity001\EF_Activity001.csproj", "{9AA4D194-CCFF-4AE5-8FD7-949D8980D0A7}"
EndProject
Project("{9A19103F-16F7-4668-BE54-9A1E7A4F7556}") = "awcli", "awcli\awcli.csproj", "{58100DAE-B420-4E53-8F34-ADA42C484BC9}"
EndProject
Global
	GlobalSection(SolutionConfigurationPlatforms) = preSolution
		Debug|Any CPU = Debug|Any CPU
		Release|Any CPU = Release|Any CPU
	EndGlobalSection
	GlobalSection(ProjectConfigurationPlatforms) = postSolution
		{9AA4D194-CCFF-4AE5-8FD7-949D8980D0A7}.Debug|Any CPU.ActiveCfg = Debug|Any CPU
		{9AA4D194-CCFF-4AE5-8FD7-949D8980D0A7}.Debug|Any CPU.Build.0 = Debug|Any CPU
		{9AA4D194-CCFF-4AE5-8FD7-949D8980D0A7}.Release|Any CPU.ActiveCfg = Release|Any CPU
		{9AA4D194-CCFF-4AE5-8FD7-949D8980D0A7}.Release|Any CPU.Build.0 = Release|Any CPU
		{58100DAE-B420-4E53-8F34-ADA42C484BC9}.Debug|Any CPU.ActiveCfg = Debug|Any CPU
		{58100DAE-B420-4E53-8F34-ADA42C484BC9}.Debug|Any CPU.Build.0 = Debug|Any CPU
		{58100DAE-B420-4E53-8F34-ADA42C484BC9}.Release|Any CPU.ActiveCfg = Release|Any CPU
		{58100DAE-B420-4E53-8F34-ADA42C484BC9}.Release|Any CPU.Build.0 = Release|Any CPU
	EndGlobalSection
	GlobalSection(SolutionProperties) = preSolution
		HideSolutionNode = FALSE
	EndGlobalSection
	GlobalSection(ExtensibilityGlobals) = postSolution
		SolutionGuid = {BDDCF309-ED25-4B7F-830F-3CDCB1E1ECA7}
	EndGlobalSection
EndGlobal
