
Microsoft Visual Studio Solution File, Format Version 12.00
# Visual Studio Version 16
VisualStudioVersion = 16.0.29424.173
MinimumVisualStudioVersion = 10.0.40219.1
Project("{FAE04EC0-301F-11D3-BF4B-00C04F79EFBC}") = "SandboxAAS", "SandboxAAS.csproj", "{1334A385-50BD-4633-8ED4-FC0C28D24C19}"
EndProject
Global
	GlobalSection(SolutionConfigurationPlatforms) = preSolution
		Debug|Any CPU = Debug|Any CPU
		Release|Any CPU = Release|Any CPU
	EndGlobalSection
	GlobalSection(ProjectConfigurationPlatforms) = postSolution
		{1334A385-50BD-4633-8ED4-FC0C28D24C19}.Debug|Any CPU.ActiveCfg = Debug|Any CPU
		{1334A385-50BD-4633-8ED4-FC0C28D24C19}.Debug|Any CPU.Build.0 = Debug|Any CPU
		{1334A385-50BD-4633-8ED4-FC0C28D24C19}.Release|Any CPU.ActiveCfg = Release|Any CPU
		{1334A385-50BD-4633-8ED4-FC0C28D24C19}.Release|Any CPU.Build.0 = Release|Any CPU
	EndGlobalSection
	GlobalSection(SolutionProperties) = preSolution
		HideSolutionNode = FALSE
	EndGlobalSection
	GlobalSection(ExtensibilityGlobals) = postSolution
		SolutionGuid = {916223C5-5809-4757-8C46-CCFA0A07AFFE}
	EndGlobalSection
EndGlobal
