
Microsoft Visual Studio Solution File, Format Version 12.00
# Visual Studio Version 16
VisualStudioVersion = 16.0.30114.105
MinimumVisualStudioVersion = 10.0.40219.1
Project("{FAE04EC0-301F-11D3-BF4B-00C04F79EFBC}") = "IdentityTodo", "IdentityTodo.csproj", "{4AC4A77B-EE55-47AD-82C2-53438EA2564A}"
EndProject
Global
	GlobalSection(SolutionConfigurationPlatforms) = preSolution
		Debug|Any CPU = Debug|Any CPU
		Release|Any CPU = Release|Any CPU
	EndGlobalSection
	GlobalSection(SolutionProperties) = preSolution
		HideSolutionNode = FALSE
	EndGlobalSection
	GlobalSection(ProjectConfigurationPlatforms) = postSolution
		{4AC4A77B-EE55-47AD-82C2-53438EA2564A}.Debug|Any CPU.ActiveCfg = Debug|Any CPU
		{4AC4A77B-EE55-47AD-82C2-53438EA2564A}.Debug|Any CPU.Build.0 = Debug|Any CPU
		{4AC4A77B-EE55-47AD-82C2-53438EA2564A}.Release|Any CPU.ActiveCfg = Release|Any CPU
		{4AC4A77B-EE55-47AD-82C2-53438EA2564A}.Release|Any CPU.Build.0 = Release|Any CPU
	EndGlobalSection
EndGlobal
